// !$*UTF8*$!
{
	archiveVersion = 1;
	classes = {
	};
	objectVersion = 56;
	objects = {

/* Begin PBXBuildFile section */
		BD2E8C342C06D8E800E5BB54 /* CLListApp.swift in Sources */ = {isa = PBXBuildFile; fileRef = BD2E8C332C06D8E800E5BB54 /* CLListApp.swift */; };
		BD2E8C362C06D8E800E5BB54 /* MainView.swift in Sources */ = {isa = PBXBuildFile; fileRef = BD2E8C352C06D8E800E5BB54 /* MainView.swift */; };
		BD2E8C382C06D8E900E5BB54 /* Assets.xcassets in Resources */ = {isa = PBXBuildFile; fileRef = BD2E8C372C06D8E900E5BB54 /* Assets.xcassets */; };
		BD2E8C3B2C06D8E900E5BB54 /* Preview Assets.xcassets in Resources */ = {isa = PBXBuildFile; fileRef = BD2E8C3A2C06D8E900E5BB54 /* Preview Assets.xcassets */; };
		BD2E8C432C08202500E5BB54 /* FirebaseAnalytics in Frameworks */ = {isa = PBXBuildFile; productRef = BD2E8C422C08202500E5BB54 /* FirebaseAnalytics */; };
		BD2E8C452C08202500E5BB54 /* FirebaseAnalyticsOnDeviceConversion in Frameworks */ = {isa = PBXBuildFile; productRef = BD2E8C442C08202500E5BB54 /* FirebaseAnalyticsOnDeviceConversion */; };
		BD2E8C472C08202500E5BB54 /* FirebaseAnalyticsSwift in Frameworks */ = {isa = PBXBuildFile; productRef = BD2E8C462C08202500E5BB54 /* FirebaseAnalyticsSwift */; };
		BD2E8C492C08202500E5BB54 /* FirebaseAnalyticsWithoutAdIdSupport in Frameworks */ = {isa = PBXBuildFile; productRef = BD2E8C482C08202500E5BB54 /* FirebaseAnalyticsWithoutAdIdSupport */; };
		BD2E8C4B2C08202500E5BB54 /* FirebaseAppCheck in Frameworks */ = {isa = PBXBuildFile; productRef = BD2E8C4A2C08202500E5BB54 /* FirebaseAppCheck */; };
		BD2E8C4D2C08202500E5BB54 /* FirebaseAppDistribution-Beta in Frameworks */ = {isa = PBXBuildFile; productRef = BD2E8C4C2C08202500E5BB54 /* FirebaseAppDistribution-Beta */; };
		BD2E8C4F2C08202500E5BB54 /* FirebaseAuth in Frameworks */ = {isa = PBXBuildFile; productRef = BD2E8C4E2C08202500E5BB54 /* FirebaseAuth */; };
		BD2E8C512C08202500E5BB54 /* FirebaseAuthCombine-Community in Frameworks */ = {isa = PBXBuildFile; productRef = BD2E8C502C08202500E5BB54 /* FirebaseAuthCombine-Community */; };
		BD2E8C532C08202500E5BB54 /* FirebaseCrashlytics in Frameworks */ = {isa = PBXBuildFile; productRef = BD2E8C522C08202500E5BB54 /* FirebaseCrashlytics */; };
		BD2E8C552C08202500E5BB54 /* FirebaseDatabase in Frameworks */ = {isa = PBXBuildFile; productRef = BD2E8C542C08202500E5BB54 /* FirebaseDatabase */; };
		BD2E8C572C08202500E5BB54 /* FirebaseDatabaseSwift in Frameworks */ = {isa = PBXBuildFile; productRef = BD2E8C562C08202500E5BB54 /* FirebaseDatabaseSwift */; };
		BD2E8C592C08202500E5BB54 /* FirebaseDynamicLinks in Frameworks */ = {isa = PBXBuildFile; productRef = BD2E8C582C08202500E5BB54 /* FirebaseDynamicLinks */; };
		BD2E8C5B2C08202500E5BB54 /* FirebaseFirestore in Frameworks */ = {isa = PBXBuildFile; productRef = BD2E8C5A2C08202500E5BB54 /* FirebaseFirestore */; };
		BD2E8C5D2C08202500E5BB54 /* FirebaseFirestoreCombine-Community in Frameworks */ = {isa = PBXBuildFile; productRef = BD2E8C5C2C08202500E5BB54 /* FirebaseFirestoreCombine-Community */; };
		BD2E8C5F2C08202500E5BB54 /* FirebaseFirestoreSwift in Frameworks */ = {isa = PBXBuildFile; productRef = BD2E8C5E2C08202500E5BB54 /* FirebaseFirestoreSwift */; };
		BD2E8C612C08202500E5BB54 /* FirebaseFunctions in Frameworks */ = {isa = PBXBuildFile; productRef = BD2E8C602C08202500E5BB54 /* FirebaseFunctions */; };
		BD2E8C632C08202500E5BB54 /* FirebaseFunctionsCombine-Community in Frameworks */ = {isa = PBXBuildFile; productRef = BD2E8C622C08202500E5BB54 /* FirebaseFunctionsCombine-Community */; };
		BD2E8C652C08202500E5BB54 /* FirebaseInAppMessaging-Beta in Frameworks */ = {isa = PBXBuildFile; productRef = BD2E8C642C08202500E5BB54 /* FirebaseInAppMessaging-Beta */; };
		BD2E8C672C08202500E5BB54 /* FirebaseInAppMessagingSwift-Beta in Frameworks */ = {isa = PBXBuildFile; productRef = BD2E8C662C08202500E5BB54 /* FirebaseInAppMessagingSwift-Beta */; };
		BD2E8C692C08202500E5BB54 /* FirebaseInstallations in Frameworks */ = {isa = PBXBuildFile; productRef = BD2E8C682C08202500E5BB54 /* FirebaseInstallations */; };
		BD2E8C6B2C08202500E5BB54 /* FirebaseMLModelDownloader in Frameworks */ = {isa = PBXBuildFile; productRef = BD2E8C6A2C08202500E5BB54 /* FirebaseMLModelDownloader */; };
		BD2E8C6D2C08202500E5BB54 /* FirebaseMessaging in Frameworks */ = {isa = PBXBuildFile; productRef = BD2E8C6C2C08202500E5BB54 /* FirebaseMessaging */; };
		BD2E8C6F2C08202500E5BB54 /* FirebasePerformance in Frameworks */ = {isa = PBXBuildFile; productRef = BD2E8C6E2C08202500E5BB54 /* FirebasePerformance */; };
		BD2E8C712C08202500E5BB54 /* FirebaseRemoteConfig in Frameworks */ = {isa = PBXBuildFile; productRef = BD2E8C702C08202500E5BB54 /* FirebaseRemoteConfig */; };
		BD2E8C732C08202500E5BB54 /* FirebaseRemoteConfigSwift in Frameworks */ = {isa = PBXBuildFile; productRef = BD2E8C722C08202500E5BB54 /* FirebaseRemoteConfigSwift */; };
		BD2E8C752C08202500E5BB54 /* FirebaseStorage in Frameworks */ = {isa = PBXBuildFile; productRef = BD2E8C742C08202500E5BB54 /* FirebaseStorage */; };
		BD2E8C772C08202500E5BB54 /* FirebaseStorageCombine-Community in Frameworks */ = {isa = PBXBuildFile; productRef = BD2E8C762C08202500E5BB54 /* FirebaseStorageCombine-Community */; };
		BD2E8C792C08202500E5BB54 /* FirebaseVertexAI-Preview in Frameworks */ = {isa = PBXBuildFile; productRef = BD2E8C782C08202500E5BB54 /* FirebaseVertexAI-Preview */; };
		BD2E8C7B2C08218A00E5BB54 /* GoogleService-Info.plist in Resources */ = {isa = PBXBuildFile; fileRef = BD2E8C7A2C08218A00E5BB54 /* GoogleService-Info.plist */; };
		BD2E8C822C082B3A00E5BB54 /* ProfileView.swift in Sources */ = {isa = PBXBuildFile; fileRef = BD2E8C812C082B3A00E5BB54 /* ProfileView.swift */; };
		BD2E8C842C082B6C00E5BB54 /* ToDoListView.swift in Sources */ = {isa = PBXBuildFile; fileRef = BD2E8C832C082B6C00E5BB54 /* ToDoListView.swift */; };
		BD2E8C862C082B7D00E5BB54 /* NewItemView.swift in Sources */ = {isa = PBXBuildFile; fileRef = BD2E8C852C082B7D00E5BB54 /* NewItemView.swift */; };
		BD2E8C882C082B8C00E5BB54 /* LoginView.swift in Sources */ = {isa = PBXBuildFile; fileRef = BD2E8C872C082B8C00E5BB54 /* LoginView.swift */; };
		BD2E8C8A2C082BAD00E5BB54 /* RegisterView.swift in Sources */ = {isa = PBXBuildFile; fileRef = BD2E8C892C082BAD00E5BB54 /* RegisterView.swift */; };
		BD2E8C8C2C08618C00E5BB54 /* ToDoListItemView.swift in Sources */ = {isa = PBXBuildFile; fileRef = BD2E8C8B2C08618C00E5BB54 /* ToDoListItemView.swift */; };
		BD2E8C8E2C0861E100E5BB54 /* User.swift in Sources */ = {isa = PBXBuildFile; fileRef = BD2E8C8D2C0861E100E5BB54 /* User.swift */; };
		BD2E8C902C0861EC00E5BB54 /* ToDoListItem.swift in Sources */ = {isa = PBXBuildFile; fileRef = BD2E8C8F2C0861EC00E5BB54 /* ToDoListItem.swift */; };
		BD2E8C922C08629300E5BB54 /* MainViewViewModel.swift in Sources */ = {isa = PBXBuildFile; fileRef = BD2E8C912C08629300E5BB54 /* MainViewViewModel.swift */; };
		BD2E8C942C0862A000E5BB54 /* ProfileViewViewModel.swift in Sources */ = {isa = PBXBuildFile; fileRef = BD2E8C932C0862A000E5BB54 /* ProfileViewViewModel.swift */; };
		BD2E8C962C0862B100E5BB54 /* ToDoListViewViewModel.swift in Sources */ = {isa = PBXBuildFile; fileRef = BD2E8C952C0862B100E5BB54 /* ToDoListViewViewModel.swift */; };
		BD2E8C982C0862CE00E5BB54 /* NewItemViewViewModel.swift in Sources */ = {isa = PBXBuildFile; fileRef = BD2E8C972C0862CE00E5BB54 /* NewItemViewViewModel.swift */; };
		BD2E8C9A2C0862DC00E5BB54 /* LoginViewViewModel.swift in Sources */ = {isa = PBXBuildFile; fileRef = BD2E8C992C0862DC00E5BB54 /* LoginViewViewModel.swift */; };
		BD2E8C9C2C0862EC00E5BB54 /* RegisterViewViewModel.swift in Sources */ = {isa = PBXBuildFile; fileRef = BD2E8C9B2C0862EC00E5BB54 /* RegisterViewViewModel.swift */; };
		BD2E8C9E2C0862FF00E5BB54 /* ToDoListItemViewViewModel.swift in Sources */ = {isa = PBXBuildFile; fileRef = BD2E8C9D2C0862FF00E5BB54 /* ToDoListItemViewViewModel.swift */; };
		BD5C11CA2C0D6CD6007EA5B4 /* CLButton.swift in Sources */ = {isa = PBXBuildFile; fileRef = BD5C11C92C0D6CD6007EA5B4 /* CLButton.swift */; };
		BD5C11CC2C0EFD07007EA5B4 /* Extensions.swift in Sources */ = {isa = PBXBuildFile; fileRef = BD5C11CB2C0EFD07007EA5B4 /* Extensions.swift */; };
		BD5D9CBE2C09844B00304F2F /* HeaderView.swift in Sources */ = {isa = PBXBuildFile; fileRef = BD5D9CBD2C09844B00304F2F /* HeaderView.swift */; };
/* End PBXBuildFile section */

/* Begin PBXFileReference section */
		BD2E8C302C06D8E800E5BB54 /* CLList.app */ = {isa = PBXFileReference; explicitFileType = wrapper.application; includeInIndex = 0; path = CLList.app; sourceTree = BUILT_PRODUCTS_DIR; };
		BD2E8C332C06D8E800E5BB54 /* CLListApp.swift */ = {isa = PBXFileReference; lastKnownFileType = sourcecode.swift; path = CLListApp.swift; sourceTree = "<group>"; };
		BD2E8C352C06D8E800E5BB54 /* MainView.swift */ = {isa = PBXFileReference; lastKnownFileType = sourcecode.swift; path = MainView.swift; sourceTree = "<group>"; };
		BD2E8C372C06D8E900E5BB54 /* Assets.xcassets */ = {isa = PBXFileReference; lastKnownFileType = folder.assetcatalog; path = Assets.xcassets; sourceTree = "<group>"; };
		BD2E8C3A2C06D8E900E5BB54 /* Preview Assets.xcassets */ = {isa = PBXFileReference; lastKnownFileType = folder.assetcatalog; path = "Preview Assets.xcassets"; sourceTree = "<group>"; };
		BD2E8C7A2C08218A00E5BB54 /* GoogleService-Info.plist */ = {isa = PBXFileReference; fileEncoding = 4; lastKnownFileType = text.plist.xml; path = "GoogleService-Info.plist"; sourceTree = "<group>"; };
		BD2E8C812C082B3A00E5BB54 /* ProfileView.swift */ = {isa = PBXFileReference; lastKnownFileType = sourcecode.swift; path = ProfileView.swift; sourceTree = "<group>"; };
		BD2E8C832C082B6C00E5BB54 /* ToDoListView.swift */ = {isa = PBXFileReference; lastKnownFileType = sourcecode.swift; path = ToDoListView.swift; sourceTree = "<group>"; };
		BD2E8C852C082B7D00E5BB54 /* NewItemView.swift */ = {isa = PBXFileReference; lastKnownFileType = sourcecode.swift; path = NewItemView.swift; sourceTree = "<group>"; };
		BD2E8C872C082B8C00E5BB54 /* LoginView.swift */ = {isa = PBXFileReference; lastKnownFileType = sourcecode.swift; path = LoginView.swift; sourceTree = "<group>"; };
		BD2E8C892C082BAD00E5BB54 /* RegisterView.swift */ = {isa = PBXFileReference; lastKnownFileType = sourcecode.swift; path = RegisterView.swift; sourceTree = "<group>"; };
		BD2E8C8B2C08618C00E5BB54 /* ToDoListItemView.swift */ = {isa = PBXFileReference; lastKnownFileType = sourcecode.swift; path = ToDoListItemView.swift; sourceTree = "<group>"; };
		BD2E8C8D2C0861E100E5BB54 /* User.swift */ = {isa = PBXFileReference; lastKnownFileType = sourcecode.swift; path = User.swift; sourceTree = "<group>"; };
		BD2E8C8F2C0861EC00E5BB54 /* ToDoListItem.swift */ = {isa = PBXFileReference; lastKnownFileType = sourcecode.swift; path = ToDoListItem.swift; sourceTree = "<group>"; };
		BD2E8C912C08629300E5BB54 /* MainViewViewModel.swift */ = {isa = PBXFileReference; lastKnownFileType = sourcecode.swift; path = MainViewViewModel.swift; sourceTree = "<group>"; };
		BD2E8C932C0862A000E5BB54 /* ProfileViewViewModel.swift */ = {isa = PBXFileReference; lastKnownFileType = sourcecode.swift; path = ProfileViewViewModel.swift; sourceTree = "<group>"; };
		BD2E8C952C0862B100E5BB54 /* ToDoListViewViewModel.swift */ = {isa = PBXFileReference; lastKnownFileType = sourcecode.swift; path = ToDoListViewViewModel.swift; sourceTree = "<group>"; };
		BD2E8C972C0862CE00E5BB54 /* NewItemViewViewModel.swift */ = {isa = PBXFileReference; lastKnownFileType = sourcecode.swift; path = NewItemViewViewModel.swift; sourceTree = "<group>"; };
		BD2E8C992C0862DC00E5BB54 /* LoginViewViewModel.swift */ = {isa = PBXFileReference; lastKnownFileType = sourcecode.swift; path = LoginViewViewModel.swift; sourceTree = "<group>"; };
		BD2E8C9B2C0862EC00E5BB54 /* RegisterViewViewModel.swift */ = {isa = PBXFileReference; lastKnownFileType = sourcecode.swift; path = RegisterViewViewModel.swift; sourceTree = "<group>"; };
		BD2E8C9D2C0862FF00E5BB54 /* ToDoListItemViewViewModel.swift */ = {isa = PBXFileReference; lastKnownFileType = sourcecode.swift; path = ToDoListItemViewViewModel.swift; sourceTree = "<group>"; };
		BD5C11C92C0D6CD6007EA5B4 /* CLButton.swift */ = {isa = PBXFileReference; lastKnownFileType = sourcecode.swift; path = CLButton.swift; sourceTree = "<group>"; };
		BD5C11CB2C0EFD07007EA5B4 /* Extensions.swift */ = {isa = PBXFileReference; lastKnownFileType = sourcecode.swift; path = Extensions.swift; sourceTree = "<group>"; };
		BD5D9CBD2C09844B00304F2F /* HeaderView.swift */ = {isa = PBXFileReference; lastKnownFileType = sourcecode.swift; path = HeaderView.swift; sourceTree = "<group>"; };
/* End PBXFileReference section */

/* Begin PBXFrameworksBuildPhase section */
		BD2E8C2D2C06D8E800E5BB54 /* Frameworks */ = {
			isa = PBXFrameworksBuildPhase;
			buildActionMask = 2147483647;
			files = (
				BD2E8C552C08202500E5BB54 /* FirebaseDatabase in Frameworks */,
				BD2E8C632C08202500E5BB54 /* FirebaseFunctionsCombine-Community in Frameworks */,
				BD2E8C5B2C08202500E5BB54 /* FirebaseFirestore in Frameworks */,
				BD2E8C472C08202500E5BB54 /* FirebaseAnalyticsSwift in Frameworks */,
				BD2E8C432C08202500E5BB54 /* FirebaseAnalytics in Frameworks */,
				BD2E8C452C08202500E5BB54 /* FirebaseAnalyticsOnDeviceConversion in Frameworks */,
				BD2E8C6B2C08202500E5BB54 /* FirebaseMLModelDownloader in Frameworks */,
				BD2E8C5F2C08202500E5BB54 /* FirebaseFirestoreSwift in Frameworks */,
				BD2E8C4B2C08202500E5BB54 /* FirebaseAppCheck in Frameworks */,
				BD2E8C492C08202500E5BB54 /* FirebaseAnalyticsWithoutAdIdSupport in Frameworks */,
				BD2E8C4F2C08202500E5BB54 /* FirebaseAuth in Frameworks */,
				BD2E8C532C08202500E5BB54 /* FirebaseCrashlytics in Frameworks */,
				BD2E8C732C08202500E5BB54 /* FirebaseRemoteConfigSwift in Frameworks */,
				BD2E8C652C08202500E5BB54 /* FirebaseInAppMessaging-Beta in Frameworks */,
				BD2E8C572C08202500E5BB54 /* FirebaseDatabaseSwift in Frameworks */,
				BD2E8C612C08202500E5BB54 /* FirebaseFunctions in Frameworks */,
				BD2E8C772C08202500E5BB54 /* FirebaseStorageCombine-Community in Frameworks */,
				BD2E8C712C08202500E5BB54 /* FirebaseRemoteConfig in Frameworks */,
				BD2E8C4D2C08202500E5BB54 /* FirebaseAppDistribution-Beta in Frameworks */,
				BD2E8C512C08202500E5BB54 /* FirebaseAuthCombine-Community in Frameworks */,
				BD2E8C6F2C08202500E5BB54 /* FirebasePerformance in Frameworks */,
				BD2E8C672C08202500E5BB54 /* FirebaseInAppMessagingSwift-Beta in Frameworks */,
				BD2E8C752C08202500E5BB54 /* FirebaseStorage in Frameworks */,
				BD2E8C592C08202500E5BB54 /* FirebaseDynamicLinks in Frameworks */,
				BD2E8C792C08202500E5BB54 /* FirebaseVertexAI-Preview in Frameworks */,
				BD2E8C5D2C08202500E5BB54 /* FirebaseFirestoreCombine-Community in Frameworks */,
				BD2E8C6D2C08202500E5BB54 /* FirebaseMessaging in Frameworks */,
				BD2E8C692C08202500E5BB54 /* FirebaseInstallations in Frameworks */,
			);
			runOnlyForDeploymentPostprocessing = 0;
		};
/* End PBXFrameworksBuildPhase section */

/* Begin PBXGroup section */
		BD2E8C272C06D8E800E5BB54 = {
			isa = PBXGroup;
			children = (
				BD2E8C322C06D8E800E5BB54 /* CLList */,
				BD2E8C312C06D8E800E5BB54 /* Products */,
			);
			sourceTree = "<group>";
		};
		BD2E8C312C06D8E800E5BB54 /* Products */ = {
			isa = PBXGroup;
			children = (
				BD2E8C302C06D8E800E5BB54 /* CLList.app */,
			);
			name = Products;
			sourceTree = "<group>";
		};
		BD2E8C322C06D8E800E5BB54 /* CLList */ = {
			isa = PBXGroup;
			children = (
				BD2E8C802C0824C600E5BB54 /* Other */,
				BD2E8C7F2C0824BD00E5BB54 /* Models */,
				BD2E8C7D2C0824A400E5BB54 /* ViewModels */,
				BD2E8C7C2C08249800E5BB54 /* Views */,
				BD2E8C372C06D8E900E5BB54 /* Assets.xcassets */,
				BD2E8C392C06D8E900E5BB54 /* Preview Content */,
			);
			path = CLList;
			sourceTree = "<group>";
		};
		BD2E8C392C06D8E900E5BB54 /* Preview Content */ = {
			isa = PBXGroup;
			children = (
				BD2E8C3A2C06D8E900E5BB54 /* Preview Assets.xcassets */,
			);
			path = "Preview Content";
			sourceTree = "<group>";
		};
		BD2E8C7C2C08249800E5BB54 /* Views */ = {
			isa = PBXGroup;
			children = (
				BD2E8C352C06D8E800E5BB54 /* MainView.swift */,
				BD2E8C812C082B3A00E5BB54 /* ProfileView.swift */,
				BD2E8C852C082B7D00E5BB54 /* NewItemView.swift */,
				BD2E8C872C082B8C00E5BB54 /* LoginView.swift */,
				BD2E8C892C082BAD00E5BB54 /* RegisterView.swift */,
				BD2E8C832C082B6C00E5BB54 /* ToDoListView.swift */,
				BD5D9CBD2C09844B00304F2F /* HeaderView.swift */,
				BD2E8C8B2C08618C00E5BB54 /* ToDoListItemView.swift */,
				BD5C11C92C0D6CD6007EA5B4 /* CLButton.swift */,
			);
			path = Views;
			sourceTree = "<group>";
		};
		BD2E8C7D2C0824A400E5BB54 /* ViewModels */ = {
			isa = PBXGroup;
			children = (
				BD2E8C912C08629300E5BB54 /* MainViewViewModel.swift */,
				BD2E8C932C0862A000E5BB54 /* ProfileViewViewModel.swift */,
				BD2E8C972C0862CE00E5BB54 /* NewItemViewViewModel.swift */,
				BD2E8C992C0862DC00E5BB54 /* LoginViewViewModel.swift */,
				BD2E8C9B2C0862EC00E5BB54 /* RegisterViewViewModel.swift */,
				BD2E8C952C0862B100E5BB54 /* ToDoListViewViewModel.swift */,
				BD2E8C9D2C0862FF00E5BB54 /* ToDoListItemViewViewModel.swift */,
			);
			path = ViewModels;
			sourceTree = "<group>";
		};
		BD2E8C7F2C0824BD00E5BB54 /* Models */ = {
			isa = PBXGroup;
			children = (
				BD2E8C8D2C0861E100E5BB54 /* User.swift */,
				BD2E8C8F2C0861EC00E5BB54 /* ToDoListItem.swift */,
			);
			path = Models;
			sourceTree = "<group>";
		};
		BD2E8C802C0824C600E5BB54 /* Other */ = {
			isa = PBXGroup;
			children = (
				BD2E8C7A2C08218A00E5BB54 /* GoogleService-Info.plist */,
				BD2E8C332C06D8E800E5BB54 /* CLListApp.swift */,
				BD5C11CB2C0EFD07007EA5B4 /* Extensions.swift */,
			);
			path = Other;
			sourceTree = "<group>";
		};
/* End PBXGroup section */

/* Begin PBXNativeTarget section */
		BD2E8C2F2C06D8E800E5BB54 /* CLList */ = {
			isa = PBXNativeTarget;
			buildConfigurationList = BD2E8C3E2C06D8E900E5BB54 /* Build configuration list for PBXNativeTarget "CLList" */;
			buildPhases = (
				BD2E8C2C2C06D8E800E5BB54 /* Sources */,
				BD2E8C2D2C06D8E800E5BB54 /* Frameworks */,
				BD2E8C2E2C06D8E800E5BB54 /* Resources */,
			);
			buildRules = (
			);
			dependencies = (
			);
			name = CLList;
			packageProductDependencies = (
				BD2E8C422C08202500E5BB54 /* FirebaseAnalytics */,
				BD2E8C442C08202500E5BB54 /* FirebaseAnalyticsOnDeviceConversion */,
				BD2E8C462C08202500E5BB54 /* FirebaseAnalyticsSwift */,
				BD2E8C482C08202500E5BB54 /* FirebaseAnalyticsWithoutAdIdSupport */,
				BD2E8C4A2C08202500E5BB54 /* FirebaseAppCheck */,
				BD2E8C4C2C08202500E5BB54 /* FirebaseAppDistribution-Beta */,
				BD2E8C4E2C08202500E5BB54 /* FirebaseAuth */,
				BD2E8C502C08202500E5BB54 /* FirebaseAuthCombine-Community */,
				BD2E8C522C08202500E5BB54 /* FirebaseCrashlytics */,
				BD2E8C542C08202500E5BB54 /* FirebaseDatabase */,
				BD2E8C562C08202500E5BB54 /* FirebaseDatabaseSwift */,
				BD2E8C582C08202500E5BB54 /* FirebaseDynamicLinks */,
				BD2E8C5A2C08202500E5BB54 /* FirebaseFirestore */,
				BD2E8C5C2C08202500E5BB54 /* FirebaseFirestoreCombine-Community */,
				BD2E8C5E2C08202500E5BB54 /* FirebaseFirestoreSwift */,
				BD2E8C602C08202500E5BB54 /* FirebaseFunctions */,
				BD2E8C622C08202500E5BB54 /* FirebaseFunctionsCombine-Community */,
				BD2E8C642C08202500E5BB54 /* FirebaseInAppMessaging-Beta */,
				BD2E8C662C08202500E5BB54 /* FirebaseInAppMessagingSwift-Beta */,
				BD2E8C682C08202500E5BB54 /* FirebaseInstallations */,
				BD2E8C6A2C08202500E5BB54 /* FirebaseMLModelDownloader */,
				BD2E8C6C2C08202500E5BB54 /* FirebaseMessaging */,
				BD2E8C6E2C08202500E5BB54 /* FirebasePerformance */,
				BD2E8C702C08202500E5BB54 /* FirebaseRemoteConfig */,
				BD2E8C722C08202500E5BB54 /* FirebaseRemoteConfigSwift */,
				BD2E8C742C08202500E5BB54 /* FirebaseStorage */,
				BD2E8C762C08202500E5BB54 /* FirebaseStorageCombine-Community */,
				BD2E8C782C08202500E5BB54 /* FirebaseVertexAI-Preview */,
			);
			productName = CLList;
			productReference = BD2E8C302C06D8E800E5BB54 /* CLList.app */;
			productType = "com.apple.product-type.application";
		};
/* End PBXNativeTarget section */

/* Begin PBXProject section */
		BD2E8C282C06D8E800E5BB54 /* Project object */ = {
			isa = PBXProject;
			attributes = {
				BuildIndependentTargetsInParallel = 1;
				LastSwiftUpdateCheck = 1510;
				LastUpgradeCheck = 1510;
				TargetAttributes = {
					BD2E8C2F2C06D8E800E5BB54 = {
						CreatedOnToolsVersion = 15.1;
					};
				};
			};
			buildConfigurationList = BD2E8C2B2C06D8E800E5BB54 /* Build configuration list for PBXProject "CLList" */;
			compatibilityVersion = "Xcode 14.0";
			developmentRegion = en;
			hasScannedForEncodings = 0;
			knownRegions = (
				en,
				Base,
			);
			mainGroup = BD2E8C272C06D8E800E5BB54;
			packageReferences = (
				BD2E8C412C08202500E5BB54 /* XCRemoteSwiftPackageReference "firebase-ios-sdk" */,
			);
			productRefGroup = BD2E8C312C06D8E800E5BB54 /* Products */;
			projectDirPath = "";
			projectRoot = "";
			targets = (
				BD2E8C2F2C06D8E800E5BB54 /* CLList */,
			);
		};
/* End PBXProject section */

/* Begin PBXResourcesBuildPhase section */
		BD2E8C2E2C06D8E800E5BB54 /* Resources */ = {
			isa = PBXResourcesBuildPhase;
			buildActionMask = 2147483647;
			files = (
				BD2E8C3B2C06D8E900E5BB54 /* Preview Assets.xcassets in Resources */,
				BD2E8C382C06D8E900E5BB54 /* Assets.xcassets in Resources */,
				BD2E8C7B2C08218A00E5BB54 /* GoogleService-Info.plist in Resources */,
			);
			runOnlyForDeploymentPostprocessing = 0;
		};
/* End PBXResourcesBuildPhase section */

/* Begin PBXSourcesBuildPhase section */
		BD2E8C2C2C06D8E800E5BB54 /* Sources */ = {
			isa = PBXSourcesBuildPhase;
			buildActionMask = 2147483647;
			files = (
				BD2E8C882C082B8C00E5BB54 /* LoginView.swift in Sources */,
				BD5D9CBE2C09844B00304F2F /* HeaderView.swift in Sources */,
				BD2E8C362C06D8E800E5BB54 /* MainView.swift in Sources */,
				BD2E8C9C2C0862EC00E5BB54 /* RegisterViewViewModel.swift in Sources */,
				BD5C11CA2C0D6CD6007EA5B4 /* CLButton.swift in Sources */,
				BD2E8C922C08629300E5BB54 /* MainViewViewModel.swift in Sources */,
				BD2E8C842C082B6C00E5BB54 /* ToDoListView.swift in Sources */,
				BD2E8C8A2C082BAD00E5BB54 /* RegisterView.swift in Sources */,
				BD2E8C942C0862A000E5BB54 /* ProfileViewViewModel.swift in Sources */,
				BD2E8C822C082B3A00E5BB54 /* ProfileView.swift in Sources */,
				BD2E8C8E2C0861E100E5BB54 /* User.swift in Sources */,
				BD2E8C8C2C08618C00E5BB54 /* ToDoListItemView.swift in Sources */,
				BD2E8C962C0862B100E5BB54 /* ToDoListViewViewModel.swift in Sources */,
				BD2E8C9A2C0862DC00E5BB54 /* LoginViewViewModel.swift in Sources */,
				BD2E8C342C06D8E800E5BB54 /* CLListApp.swift in Sources */,
				BD5C11CC2C0EFD07007EA5B4 /* Extensions.swift in Sources */,
				BD2E8C902C0861EC00E5BB54 /* ToDoListItem.swift in Sources */,
				BD2E8C862C082B7D00E5BB54 /* NewItemView.swift in Sources */,
				BD2E8C982C0862CE00E5BB54 /* NewItemViewViewModel.swift in Sources */,
				BD2E8C9E2C0862FF00E5BB54 /* ToDoListItemViewViewModel.swift in Sources */,
			);
			runOnlyForDeploymentPostprocessing = 0;
		};
/* End PBXSourcesBuildPhase section */

/* Begin XCBuildConfiguration section */
		BD2E8C3C2C06D8E900E5BB54 /* Debug */ = {
			isa = XCBuildConfiguration;
			buildSettings = {
				ALWAYS_SEARCH_USER_PATHS = NO;
				ASSETCATALOG_COMPILER_GENERATE_SWIFT_ASSET_SYMBOL_EXTENSIONS = YES;
				CLANG_ANALYZER_NONNULL = YES;
				CLANG_ANALYZER_NUMBER_OBJECT_CONVERSION = YES_AGGRESSIVE;
				CLANG_CXX_LANGUAGE_STANDARD = "gnu++20";
				CLANG_ENABLE_MODULES = YES;
				CLANG_ENABLE_OBJC_ARC = YES;
				CLANG_ENABLE_OBJC_WEAK = YES;
				CLANG_WARN_BLOCK_CAPTURE_AUTORELEASING = YES;
				CLANG_WARN_BOOL_CONVERSION = YES;
				CLANG_WARN_COMMA = YES;
				CLANG_WARN_CONSTANT_CONVERSION = YES;
				CLANG_WARN_DEPRECATED_OBJC_IMPLEMENTATIONS = YES;
				CLANG_WARN_DIRECT_OBJC_ISA_USAGE = YES_ERROR;
				CLANG_WARN_DOCUMENTATION_COMMENTS = YES;
				CLANG_WARN_EMPTY_BODY = YES;
				CLANG_WARN_ENUM_CONVERSION = YES;
				CLANG_WARN_INFINITE_RECURSION = YES;
				CLANG_WARN_INT_CONVERSION = YES;
				CLANG_WARN_NON_LITERAL_NULL_CONVERSION = YES;
				CLANG_WARN_OBJC_IMPLICIT_RETAIN_SELF = YES;
				CLANG_WARN_OBJC_LITERAL_CONVERSION = YES;
				CLANG_WARN_OBJC_ROOT_CLASS = YES_ERROR;
				CLANG_WARN_QUOTED_INCLUDE_IN_FRAMEWORK_HEADER = YES;
				CLANG_WARN_RANGE_LOOP_ANALYSIS = YES;
				CLANG_WARN_STRICT_PROTOTYPES = YES;
				CLANG_WARN_SUSPICIOUS_MOVE = YES;
				CLANG_WARN_UNGUARDED_AVAILABILITY = YES_AGGRESSIVE;
				CLANG_WARN_UNREACHABLE_CODE = YES;
				CLANG_WARN__DUPLICATE_METHOD_MATCH = YES;
				COPY_PHASE_STRIP = NO;
				DEBUG_INFORMATION_FORMAT = dwarf;
				ENABLE_STRICT_OBJC_MSGSEND = YES;
				ENABLE_TESTABILITY = YES;
				ENABLE_USER_SCRIPT_SANDBOXING = YES;
				GCC_C_LANGUAGE_STANDARD = gnu17;
				GCC_DYNAMIC_NO_PIC = NO;
				GCC_NO_COMMON_BLOCKS = YES;
				GCC_OPTIMIZATION_LEVEL = 0;
				GCC_PREPROCESSOR_DEFINITIONS = (
					"DEBUG=1",
					"$(inherited)",
				);
				GCC_WARN_64_TO_32_BIT_CONVERSION = YES;
				GCC_WARN_ABOUT_RETURN_TYPE = YES_ERROR;
				GCC_WARN_UNDECLARED_SELECTOR = YES;
				GCC_WARN_UNINITIALIZED_AUTOS = YES_AGGRESSIVE;
				GCC_WARN_UNUSED_FUNCTION = YES;
				GCC_WARN_UNUSED_VARIABLE = YES;
				IPHONEOS_DEPLOYMENT_TARGET = 16.0;
				LOCALIZATION_PREFERS_STRING_CATALOGS = YES;
				MTL_ENABLE_DEBUG_INFO = INCLUDE_SOURCE;
				MTL_FAST_MATH = YES;
				ONLY_ACTIVE_ARCH = YES;
				SDKROOT = iphoneos;
				SWIFT_ACTIVE_COMPILATION_CONDITIONS = "DEBUG $(inherited)";
				SWIFT_OPTIMIZATION_LEVEL = "-Onone";
			};
			name = Debug;
		};
		BD2E8C3D2C06D8E900E5BB54 /* Release */ = {
			isa = XCBuildConfiguration;
			buildSettings = {
				ALWAYS_SEARCH_USER_PATHS = NO;
				ASSETCATALOG_COMPILER_GENERATE_SWIFT_ASSET_SYMBOL_EXTENSIONS = YES;
				CLANG_ANALYZER_NONNULL = YES;
				CLANG_ANALYZER_NUMBER_OBJECT_CONVERSION = YES_AGGRESSIVE;
				CLANG_CXX_LANGUAGE_STANDARD = "gnu++20";
				CLANG_ENABLE_MODULES = YES;
				CLANG_ENABLE_OBJC_ARC = YES;
				CLANG_ENABLE_OBJC_WEAK = YES;
				CLANG_WARN_BLOCK_CAPTURE_AUTORELEASING = YES;
				CLANG_WARN_BOOL_CONVERSION = YES;
				CLANG_WARN_COMMA = YES;
				CLANG_WARN_CONSTANT_CONVERSION = YES;
				CLANG_WARN_DEPRECATED_OBJC_IMPLEMENTATIONS = YES;
				CLANG_WARN_DIRECT_OBJC_ISA_USAGE = YES_ERROR;
				CLANG_WARN_DOCUMENTATION_COMMENTS = YES;
				CLANG_WARN_EMPTY_BODY = YES;
				CLANG_WARN_ENUM_CONVERSION = YES;
				CLANG_WARN_INFINITE_RECURSION = YES;
				CLANG_WARN_INT_CONVERSION = YES;
				CLANG_WARN_NON_LITERAL_NULL_CONVERSION = YES;
				CLANG_WARN_OBJC_IMPLICIT_RETAIN_SELF = YES;
				CLANG_WARN_OBJC_LITERAL_CONVERSION = YES;
				CLANG_WARN_OBJC_ROOT_CLASS = YES_ERROR;
				CLANG_WARN_QUOTED_INCLUDE_IN_FRAMEWORK_HEADER = YES;
				CLANG_WARN_RANGE_LOOP_ANALYSIS = YES;
				CLANG_WARN_STRICT_PROTOTYPES = YES;
				CLANG_WARN_SUSPICIOUS_MOVE = YES;
				CLANG_WARN_UNGUARDED_AVAILABILITY = YES_AGGRESSIVE;
				CLANG_WARN_UNREACHABLE_CODE = YES;
				CLANG_WARN__DUPLICATE_METHOD_MATCH = YES;
				COPY_PHASE_STRIP = NO;
				DEBUG_INFORMATION_FORMAT = "dwarf-with-dsym";
				ENABLE_NS_ASSERTIONS = NO;
				ENABLE_STRICT_OBJC_MSGSEND = YES;
				ENABLE_USER_SCRIPT_SANDBOXING = YES;
				GCC_C_LANGUAGE_STANDARD = gnu17;
				GCC_NO_COMMON_BLOCKS = YES;
				GCC_WARN_64_TO_32_BIT_CONVERSION = YES;
				GCC_WARN_ABOUT_RETURN_TYPE = YES_ERROR;
				GCC_WARN_UNDECLARED_SELECTOR = YES;
				GCC_WARN_UNINITIALIZED_AUTOS = YES_AGGRESSIVE;
				GCC_WARN_UNUSED_FUNCTION = YES;
				GCC_WARN_UNUSED_VARIABLE = YES;
				IPHONEOS_DEPLOYMENT_TARGET = 16.0;
				LOCALIZATION_PREFERS_STRING_CATALOGS = YES;
				MTL_ENABLE_DEBUG_INFO = NO;
				MTL_FAST_MATH = YES;
				SDKROOT = iphoneos;
				SWIFT_COMPILATION_MODE = wholemodule;
				VALIDATE_PRODUCT = YES;
			};
			name = Release;
		};
		BD2E8C3F2C06D8E900E5BB54 /* Debug */ = {
			isa = XCBuildConfiguration;
			buildSettings = {
				ASSETCATALOG_COMPILER_APPICON_NAME = AppIcon;
				ASSETCATALOG_COMPILER_GLOBAL_ACCENT_COLOR_NAME = AccentColor;
				CODE_SIGN_STYLE = Automatic;
				CURRENT_PROJECT_VERSION = 1;
				DEVELOPMENT_ASSET_PATHS = "\"CLList/Preview Content\"";
				DEVELOPMENT_TEAM = LRG9286UQ5;
				ENABLE_PREVIEWS = YES;
				GENERATE_INFOPLIST_FILE = YES;
				INFOPLIST_KEY_CFBundleDisplayName = CLList;
				INFOPLIST_KEY_UIApplicationSceneManifest_Generation = YES;
				INFOPLIST_KEY_UIApplicationSupportsIndirectInputEvents = YES;
				INFOPLIST_KEY_UILaunchScreen_Generation = YES;
				INFOPLIST_KEY_UISupportedInterfaceOrientations = UIInterfaceOrientationPortrait;
				IPHONEOS_DEPLOYMENT_TARGET = 16.0;
				LD_RUNPATH_SEARCH_PATHS = (
					"$(inherited)",
					"@executable_path/Frameworks",
				);
				MARKETING_VERSION = 1.0;
				PRODUCT_BUNDLE_IDENTIFIER = io.chenglu.CLList;
				PRODUCT_NAME = "$(TARGET_NAME)";
				SWIFT_EMIT_LOC_STRINGS = YES;
				SWIFT_VERSION = 5.0;
				TARGETED_DEVICE_FAMILY = "1,2";
			};
			name = Debug;
		};
		BD2E8C402C06D8E900E5BB54 /* Release */ = {
			isa = XCBuildConfiguration;
			buildSettings = {
				ASSETCATALOG_COMPILER_APPICON_NAME = AppIcon;
				ASSETCATALOG_COMPILER_GLOBAL_ACCENT_COLOR_NAME = AccentColor;
				CODE_SIGN_STYLE = Automatic;
				CURRENT_PROJECT_VERSION = 1;
				DEVELOPMENT_ASSET_PATHS = "\"CLList/Preview Content\"";
				DEVELOPMENT_TEAM = LRG9286UQ5;
				ENABLE_PREVIEWS = YES;
				GENERATE_INFOPLIST_FILE = YES;
				INFOPLIST_KEY_CFBundleDisplayName = CLList;
				INFOPLIST_KEY_UIApplicationSceneManifest_Generation = YES;
				INFOPLIST_KEY_UIApplicationSupportsIndirectInputEvents = YES;
				INFOPLIST_KEY_UILaunchScreen_Generation = YES;
				INFOPLIST_KEY_UISupportedInterfaceOrientations = UIInterfaceOrientationPortrait;
				IPHONEOS_DEPLOYMENT_TARGET = 16.0;
				LD_RUNPATH_SEARCH_PATHS = (
					"$(inherited)",
					"@executable_path/Frameworks",
				);
				MARKETING_VERSION = 1.0;
				PRODUCT_BUNDLE_IDENTIFIER = io.chenglu.CLList;
				PRODUCT_NAME = "$(TARGET_NAME)";
				SWIFT_EMIT_LOC_STRINGS = YES;
				SWIFT_VERSION = 5.0;
				TARGETED_DEVICE_FAMILY = "1,2";
			};
			name = Release;
		};
/* End XCBuildConfiguration section */

/* Begin XCConfigurationList section */
		BD2E8C2B2C06D8E800E5BB54 /* Build configuration list for PBXProject "CLList" */ = {
			isa = XCConfigurationList;
			buildConfigurations = (
				BD2E8C3C2C06D8E900E5BB54 /* Debug */,
				BD2E8C3D2C06D8E900E5BB54 /* Release */,
			);
			defaultConfigurationIsVisible = 0;
			defaultConfigurationName = Release;
		};
		BD2E8C3E2C06D8E900E5BB54 /* Build configuration list for PBXNativeTarget "CLList" */ = {
			isa = XCConfigurationList;
			buildConfigurations = (
				BD2E8C3F2C06D8E900E5BB54 /* Debug */,
				BD2E8C402C06D8E900E5BB54 /* Release */,
			);
			defaultConfigurationIsVisible = 0;
			defaultConfigurationName = Release;
		};
/* End XCConfigurationList section */

/* Begin XCRemoteSwiftPackageReference section */
		BD2E8C412C08202500E5BB54 /* XCRemoteSwiftPackageReference "firebase-ios-sdk" */ = {
			isa = XCRemoteSwiftPackageReference;
			repositoryURL = "https://github.com/firebase/firebase-ios-sdk.git";
			requirement = {
				kind = upToNextMajorVersion;
				minimumVersion = 10.27.0;
			};
		};
/* End XCRemoteSwiftPackageReference section */

/* Begin XCSwiftPackageProductDependency section */
		BD2E8C422C08202500E5BB54 /* FirebaseAnalytics */ = {
			isa = XCSwiftPackageProductDependency;
			package = BD2E8C412C08202500E5BB54 /* XCRemoteSwiftPackageReference "firebase-ios-sdk" */;
			productName = FirebaseAnalytics;
		};
		BD2E8C442C08202500E5BB54 /* FirebaseAnalyticsOnDeviceConversion */ = {
			isa = XCSwiftPackageProductDependency;
			package = BD2E8C412C08202500E5BB54 /* XCRemoteSwiftPackageReference "firebase-ios-sdk" */;
			productName = FirebaseAnalyticsOnDeviceConversion;
		};
		BD2E8C462C08202500E5BB54 /* FirebaseAnalyticsSwift */ = {
			isa = XCSwiftPackageProductDependency;
			package = BD2E8C412C08202500E5BB54 /* XCRemoteSwiftPackageReference "firebase-ios-sdk" */;
			productName = FirebaseAnalyticsSwift;
		};
		BD2E8C482C08202500E5BB54 /* FirebaseAnalyticsWithoutAdIdSupport */ = {
			isa = XCSwiftPackageProductDependency;
			package = BD2E8C412C08202500E5BB54 /* XCRemoteSwiftPackageReference "firebase-ios-sdk" */;
			productName = FirebaseAnalyticsWithoutAdIdSupport;
		};
		BD2E8C4A2C08202500E5BB54 /* FirebaseAppCheck */ = {
			isa = XCSwiftPackageProductDependency;
			package = BD2E8C412C08202500E5BB54 /* XCRemoteSwiftPackageReference "firebase-ios-sdk" */;
			productName = FirebaseAppCheck;
		};
		BD2E8C4C2C08202500E5BB54 /* FirebaseAppDistribution-Beta */ = {
			isa = XCSwiftPackageProductDependency;
			package = BD2E8C412C08202500E5BB54 /* XCRemoteSwiftPackageReference "firebase-ios-sdk" */;
			productName = "FirebaseAppDistribution-Beta";
		};
		BD2E8C4E2C08202500E5BB54 /* FirebaseAuth */ = {
			isa = XCSwiftPackageProductDependency;
			package = BD2E8C412C08202500E5BB54 /* XCRemoteSwiftPackageReference "firebase-ios-sdk" */;
			productName = FirebaseAuth;
		};
		BD2E8C502C08202500E5BB54 /* FirebaseAuthCombine-Community */ = {
			isa = XCSwiftPackageProductDependency;
			package = BD2E8C412C08202500E5BB54 /* XCRemoteSwiftPackageReference "firebase-ios-sdk" */;
			productName = "FirebaseAuthCombine-Community";
		};
		BD2E8C522C08202500E5BB54 /* FirebaseCrashlytics */ = {
			isa = XCSwiftPackageProductDependency;
			package = BD2E8C412C08202500E5BB54 /* XCRemoteSwiftPackageReference "firebase-ios-sdk" */;
			productName = FirebaseCrashlytics;
		};
		BD2E8C542C08202500E5BB54 /* FirebaseDatabase */ = {
			isa = XCSwiftPackageProductDependency;
			package = BD2E8C412C08202500E5BB54 /* XCRemoteSwiftPackageReference "firebase-ios-sdk" */;
			productName = FirebaseDatabase;
		};
		BD2E8C562C08202500E5BB54 /* FirebaseDatabaseSwift */ = {
			isa = XCSwiftPackageProductDependency;
			package = BD2E8C412C08202500E5BB54 /* XCRemoteSwiftPackageReference "firebase-ios-sdk" */;
			productName = FirebaseDatabaseSwift;
		};
		BD2E8C582C08202500E5BB54 /* FirebaseDynamicLinks */ = {
			isa = XCSwiftPackageProductDependency;
			package = BD2E8C412C08202500E5BB54 /* XCRemoteSwiftPackageReference "firebase-ios-sdk" */;
			productName = FirebaseDynamicLinks;
		};
		BD2E8C5A2C08202500E5BB54 /* FirebaseFirestore */ = {
			isa = XCSwiftPackageProductDependency;
			package = BD2E8C412C08202500E5BB54 /* XCRemoteSwiftPackageReference "firebase-ios-sdk" */;
			productName = FirebaseFirestore;
		};
		BD2E8C5C2C08202500E5BB54 /* FirebaseFirestoreCombine-Community */ = {
			isa = XCSwiftPackageProductDependency;
			package = BD2E8C412C08202500E5BB54 /* XCRemoteSwiftPackageReference "firebase-ios-sdk" */;
			productName = "FirebaseFirestoreCombine-Community";
		};
		BD2E8C5E2C08202500E5BB54 /* FirebaseFirestoreSwift */ = {
			isa = XCSwiftPackageProductDependency;
			package = BD2E8C412C08202500E5BB54 /* XCRemoteSwiftPackageReference "firebase-ios-sdk" */;
			productName = FirebaseFirestoreSwift;
		};
		BD2E8C602C08202500E5BB54 /* FirebaseFunctions */ = {
			isa = XCSwiftPackageProductDependency;
			package = BD2E8C412C08202500E5BB54 /* XCRemoteSwiftPackageReference "firebase-ios-sdk" */;
			productName = FirebaseFunctions;
		};
		BD2E8C622C08202500E5BB54 /* FirebaseFunctionsCombine-Community */ = {
			isa = XCSwiftPackageProductDependency;
			package = BD2E8C412C08202500E5BB54 /* XCRemoteSwiftPackageReference "firebase-ios-sdk" */;
			productName = "FirebaseFunctionsCombine-Community";
		};
		BD2E8C642C08202500E5BB54 /* FirebaseInAppMessaging-Beta */ = {
			isa = XCSwiftPackageProductDependency;
			package = BD2E8C412C08202500E5BB54 /* XCRemoteSwiftPackageReference "firebase-ios-sdk" */;
			productName = "FirebaseInAppMessaging-Beta";
		};
		BD2E8C662C08202500E5BB54 /* FirebaseInAppMessagingSwift-Beta */ = {
			isa = XCSwiftPackageProductDependency;
			package = BD2E8C412C08202500E5BB54 /* XCRemoteSwiftPackageReference "firebase-ios-sdk" */;
			productName = "FirebaseInAppMessagingSwift-Beta";
		};
		BD2E8C682C08202500E5BB54 /* FirebaseInstallations */ = {
			isa = XCSwiftPackageProductDependency;
			package = BD2E8C412C08202500E5BB54 /* XCRemoteSwiftPackageReference "firebase-ios-sdk" */;
			productName = FirebaseInstallations;
		};
		BD2E8C6A2C08202500E5BB54 /* FirebaseMLModelDownloader */ = {
			isa = XCSwiftPackageProductDependency;
			package = BD2E8C412C08202500E5BB54 /* XCRemoteSwiftPackageReference "firebase-ios-sdk" */;
			productName = FirebaseMLModelDownloader;
		};
		BD2E8C6C2C08202500E5BB54 /* FirebaseMessaging */ = {
			isa = XCSwiftPackageProductDependency;
			package = BD2E8C412C08202500E5BB54 /* XCRemoteSwiftPackageReference "firebase-ios-sdk" */;
			productName = FirebaseMessaging;
		};
		BD2E8C6E2C08202500E5BB54 /* FirebasePerformance */ = {
			isa = XCSwiftPackageProductDependency;
			package = BD2E8C412C08202500E5BB54 /* XCRemoteSwiftPackageReference "firebase-ios-sdk" */;
			productName = FirebasePerformance;
		};
		BD2E8C702C08202500E5BB54 /* FirebaseRemoteConfig */ = {
			isa = XCSwiftPackageProductDependency;
			package = BD2E8C412C08202500E5BB54 /* XCRemoteSwiftPackageReference "firebase-ios-sdk" */;
			productName = FirebaseRemoteConfig;
		};
		BD2E8C722C08202500E5BB54 /* FirebaseRemoteConfigSwift */ = {
			isa = XCSwiftPackageProductDependency;
			package = BD2E8C412C08202500E5BB54 /* XCRemoteSwiftPackageReference "firebase-ios-sdk" */;
			productName = FirebaseRemoteConfigSwift;
		};
		BD2E8C742C08202500E5BB54 /* FirebaseStorage */ = {
			isa = XCSwiftPackageProductDependency;
			package = BD2E8C412C08202500E5BB54 /* XCRemoteSwiftPackageReference "firebase-ios-sdk" */;
			productName = FirebaseStorage;
		};
		BD2E8C762C08202500E5BB54 /* FirebaseStorageCombine-Community */ = {
			isa = XCSwiftPackageProductDependency;
			package = BD2E8C412C08202500E5BB54 /* XCRemoteSwiftPackageReference "firebase-ios-sdk" */;
			productName = "FirebaseStorageCombine-Community";
		};
		BD2E8C782C08202500E5BB54 /* FirebaseVertexAI-Preview */ = {
			isa = XCSwiftPackageProductDependency;
			package = BD2E8C412C08202500E5BB54 /* XCRemoteSwiftPackageReference "firebase-ios-sdk" */;
			productName = "FirebaseVertexAI-Preview";
		};
/* End XCSwiftPackageProductDependency section */
	};
	rootObject = BD2E8C282C06D8E800E5BB54 /* Project object */;
}
